
Microsoft Visual Studio Solution File, Format Version 12.00
# Visual Studio 15
VisualStudioVersion = 15.0.27004.2009
MinimumVisualStudioVersion = 10.0.40219.1
Project("{FAE04EC0-301F-11D3-BF4B-00C04F79EFBC}") = "UCSM_Mongo_BD", "UCSM_Mongo_BD\UCSM_Mongo_BD.csproj", "{82D5E459-908A-4136-B509-5B0F482AF5CE}"
EndProject
Global
	GlobalSection(SolutionConfigurationPlatforms) = preSolution
		Debug|Any CPU = Debug|Any CPU
		Release|Any CPU = Release|Any CPU
	EndGlobalSection
	GlobalSection(ProjectConfigurationPlatforms) = postSolution
		{82D5E459-908A-4136-B509-5B0F482AF5CE}.Debug|Any CPU.ActiveCfg = Debug|Any CPU
		{82D5E459-908A-4136-B509-5B0F482AF5CE}.Debug|Any CPU.Build.0 = Debug|Any CPU
		{82D5E459-908A-4136-B509-5B0F482AF5CE}.Release|Any CPU.ActiveCfg = Release|Any CPU
		{82D5E459-908A-4136-B509-5B0F482AF5CE}.Release|Any CPU.Build.0 = Release|Any CPU
	EndGlobalSection
	GlobalSection(SolutionProperties) = preSolution
		HideSolutionNode = FALSE
	EndGlobalSection
	GlobalSection(ExtensibilityGlobals) = postSolution
		SolutionGuid = {9C261A4A-748F-4D5D-BBD2-DEA52A8C03AB}
	EndGlobalSection
EndGlobal
